// !$*UTF8*$!
{
	archiveVersion = 1;
	classes = {
	};
	objectVersion = 46;
	objects = {

/* Begin PBXBuildFile section */
		4D0A09B01DCC16D900EE289B /* AppDelegate.swift in Sources */ = {isa = PBXBuildFile; fileRef = 4D0A09AF1DCC16D900EE289B /* AppDelegate.swift */; };
		4D0A09B21DCC16D900EE289B /* ViewController.swift in Sources */ = {isa = PBXBuildFile; fileRef = 4D0A09B11DCC16D900EE289B /* ViewController.swift */; };
		4D0A09B51DCC16D900EE289B /* Main.storyboard in Resources */ = {isa = PBXBuildFile; fileRef = 4D0A09B31DCC16D900EE289B /* Main.storyboard */; };
		4D0A09B71DCC16D900EE289B /* Assets.xcassets in Resources */ = {isa = PBXBuildFile; fileRef = 4D0A09B61DCC16D900EE289B /* Assets.xcassets */; };
		4D0A09BA1DCC16D900EE289B /* LaunchScreen.storyboard in Resources */ = {isa = PBXBuildFile; fileRef = 4D0A09B81DCC16D900EE289B /* LaunchScreen.storyboard */; };
		6386E10AFAAA1F445BC8C37D /* Pods_CanvasLab.framework in Frameworks */ = {isa = PBXBuildFile; fileRef = 87D0576833D309312F3B7A30 /* Pods_CanvasLab.framework */; };
/* End PBXBuildFile section */

/* Begin PBXFileReference section */
		4D0A09AC1DCC16D900EE289B /* CanvasLab.app */ = {isa = PBXFileReference; explicitFileType = wrapper.application; includeInIndex = 0; path = CanvasLab.app; sourceTree = BUILT_PRODUCTS_DIR; };
		4D0A09AF1DCC16D900EE289B /* AppDelegate.swift */ = {isa = PBXFileReference; lastKnownFileType = sourcecode.swift; path = AppDelegate.swift; sourceTree = "<group>"; };
		4D0A09B11DCC16D900EE289B /* ViewController.swift */ = {isa = PBXFileReference; lastKnownFileType = sourcecode.swift; path = ViewController.swift; sourceTree = "<group>"; };
		4D0A09B41DCC16D900EE289B /* Base */ = {isa = PBXFileReference; lastKnownFileType = file.storyboard; name = Base; path = Base.lproj/Main.storyboard; sourceTree = "<group>"; };
		4D0A09B61DCC16D900EE289B /* Assets.xcassets */ = {isa = PBXFileReference; lastKnownFileType = folder.assetcatalog; path = Assets.xcassets; sourceTree = "<group>"; };
		4D0A09B91DCC16D900EE289B /* Base */ = {isa = PBXFileReference; lastKnownFileType = file.storyboard; name = Base; path = Base.lproj/LaunchScreen.storyboard; sourceTree = "<group>"; };
		4D0A09BB1DCC16D900EE289B /* Info.plist */ = {isa = PBXFileReference; lastKnownFileType = text.plist.xml; path = Info.plist; sourceTree = "<group>"; };
		64F84AF53349FC16078503C5 /* Pods-CanvasLab.release.xcconfig */ = {isa = PBXFileReference; includeInIndex = 1; lastKnownFileType = text.xcconfig; name = "Pods-CanvasLab.release.xcconfig"; path = "Pods/Target Support Files/Pods-CanvasLab/Pods-CanvasLab.release.xcconfig"; sourceTree = "<group>"; };
		87D0576833D309312F3B7A30 /* Pods_CanvasLab.framework */ = {isa = PBXFileReference; explicitFileType = wrapper.framework; includeInIndex = 0; path = Pods_CanvasLab.framework; sourceTree = BUILT_PRODUCTS_DIR; };
		A06B863732608FEF40A6F233 /* Pods-CanvasLab.debug.xcconfig */ = {isa = PBXFileReference; includeInIndex = 1; lastKnownFileType = text.xcconfig; name = "Pods-CanvasLab.debug.xcconfig"; path = "Pods/Target Support Files/Pods-CanvasLab/Pods-CanvasLab.debug.xcconfig"; sourceTree = "<group>"; };
/* End PBXFileReference section */

/* Begin PBXFrameworksBuildPhase section */
		4D0A09A91DCC16D900EE289B /* Frameworks */ = {
			isa = PBXFrameworksBuildPhase;
			buildActionMask = 2147483647;
			files = (
				6386E10AFAAA1F445BC8C37D /* Pods_CanvasLab.framework in Frameworks */,
			);
			runOnlyForDeploymentPostprocessing = 0;
		};
/* End PBXFrameworksBuildPhase section */

/* Begin PBXGroup section */
		4D0A09A31DCC16D900EE289B = {
			isa = PBXGroup;
			children = (
				4D0A09AE1DCC16D900EE289B /* CanvasLab */,
				4D0A09AD1DCC16D900EE289B /* Products */,
				9E17D82A79A524430ADD225C /* Pods */,
				96E70F44AE4C462D0A01B952 /* Frameworks */,
			);
			sourceTree = "<group>";
		};
		4D0A09AD1DCC16D900EE289B /* Products */ = {
			isa = PBXGroup;
			children = (
				4D0A09AC1DCC16D900EE289B /* CanvasLab.app */,
			);
			name = Products;
			sourceTree = "<group>";
		};
		4D0A09AE1DCC16D900EE289B /* CanvasLab */ = {
			isa = PBXGroup;
			children = (
				4D0A09AF1DCC16D900EE289B /* AppDelegate.swift */,
				4D0A09B11DCC16D900EE289B /* ViewController.swift */,
				4D0A09B31DCC16D900EE289B /* Main.storyboard */,
				4D0A09B61DCC16D900EE289B /* Assets.xcassets */,
				4D0A09B81DCC16D900EE289B /* LaunchScreen.storyboard */,
				4D0A09BB1DCC16D900EE289B /* Info.plist */,
			);
			path = CanvasLab;
			sourceTree = "<group>";
		};
		96E70F44AE4C462D0A01B952 /* Frameworks */ = {
			isa = PBXGroup;
			children = (
				87D0576833D309312F3B7A30 /* Pods_CanvasLab.framework */,
			);
			name = Frameworks;
			sourceTree = "<group>";
		};
		9E17D82A79A524430ADD225C /* Pods */ = {
			isa = PBXGroup;
			children = (
				A06B863732608FEF40A6F233 /* Pods-CanvasLab.debug.xcconfig */,
				64F84AF53349FC16078503C5 /* Pods-CanvasLab.release.xcconfig */,
			);
			name = Pods;
			sourceTree = "<group>";
		};
/* End PBXGroup section */

/* Begin PBXNativeTarget section */
		4D0A09AB1DCC16D900EE289B /* CanvasLab */ = {
			isa = PBXNativeTarget;
			buildConfigurationList = 4D0A09BE1DCC16D900EE289B /* Build configuration list for PBXNativeTarget "CanvasLab" */;
			buildPhases = (
				FB50CC9B8F71852745C1EFB2 /* [CP] Check Pods Manifest.lock */,
				4D0A09A81DCC16D900EE289B /* Sources */,
				4D0A09A91DCC16D900EE289B /* Frameworks */,
				4D0A09AA1DCC16D900EE289B /* Resources */,
				DF6EAA137278D8B5991893A7 /* [CP] Embed Pods Frameworks */,
				93C879E535FE22DB45F181EB /* [CP] Copy Pods Resources */,
			);
			buildRules = (
			);
			dependencies = (
			);
			name = CanvasLab;
			productName = CanvasLab;
			productReference = 4D0A09AC1DCC16D900EE289B /* CanvasLab.app */;
			productType = "com.apple.product-type.application";
		};
/* End PBXNativeTarget section */

/* Begin PBXProject section */
		4D0A09A41DCC16D900EE289B /* Project object */ = {
			isa = PBXProject;
			attributes = {
				LastSwiftUpdateCheck = 0800;
				LastUpgradeCheck = 0800;
				ORGANIZATIONNAME = "Nari Shin";
				TargetAttributes = {
					4D0A09AB1DCC16D900EE289B = {
						CreatedOnToolsVersion = 8.0;
						DevelopmentTeam = 73L4Y6SMX6;
						ProvisioningStyle = Automatic;
					};
				};
			};
			buildConfigurationList = 4D0A09A71DCC16D900EE289B /* Build configuration list for PBXProject "CanvasLab" */;
			compatibilityVersion = "Xcode 3.2";
			developmentRegion = English;
			hasScannedForEncodings = 0;
			knownRegions = (
				en,
				Base,
			);
			mainGroup = 4D0A09A31DCC16D900EE289B;
			productRefGroup = 4D0A09AD1DCC16D900EE289B /* Products */;
			projectDirPath = "";
			projectRoot = "";
			targets = (
				4D0A09AB1DCC16D900EE289B /* CanvasLab */,
			);
		};
/* End PBXProject section */

/* Begin PBXResourcesBuildPhase section */
		4D0A09AA1DCC16D900EE289B /* Resources */ = {
			isa = PBXResourcesBuildPhase;
			buildActionMask = 2147483647;
			files = (
				4D0A09BA1DCC16D900EE289B /* LaunchScreen.storyboard in Resources */,
				4D0A09B71DCC16D900EE289B /* Assets.xcassets in Resources */,
				4D0A09B51DCC16D900EE289B /* Main.storyboard in Resources */,
			);
			runOnlyForDeploymentPostprocessing = 0;
		};
/* End PBXResourcesBuildPhase section */

/* Begin PBXShellScriptBuildPhase section */
		93C879E535FE22DB45F181EB /* [CP] Copy Pods Resources */ = {
			isa = PBXShellScriptBuildPhase;
			buildActionMask = 2147483647;
			files = (
			);
			inputPaths = (
			);
			name = "[CP] Copy Pods Resources";
			outputPaths = (
			);
			runOnlyForDeploymentPostprocessing = 0;
			shellPath = /bin/sh;
			shellScript = "\"${SRCROOT}/Pods/Target Support Files/Pods-CanvasLab/Pods-CanvasLab-resources.sh\"\n";
			showEnvVarsInLog = 0;
		};
		DF6EAA137278D8B5991893A7 /* [CP] Embed Pods Frameworks */ = {
			isa = PBXShellScriptBuildPhase;
			buildActionMask = 2147483647;
			files = (
			);
			inputPaths = (
			);
			name = "[CP] Embed Pods Frameworks";
			outputPaths = (
			);
			runOnlyForDeploymentPostprocessing = 0;
			shellPath = /bin/sh;
			shellScript = "\"${SRCROOT}/Pods/Target Support Files/Pods-CanvasLab/Pods-CanvasLab-frameworks.sh\"\n";
			showEnvVarsInLog = 0;
		};
		FB50CC9B8F71852745C1EFB2 /* [CP] Check Pods Manifest.lock */ = {
			isa = PBXShellScriptBuildPhase;
			buildActionMask = 2147483647;
			files = (
			);
			inputPaths = (
			);
			name = "[CP] Check Pods Manifest.lock";
			outputPaths = (
			);
			runOnlyForDeploymentPostprocessing = 0;
			shellPath = /bin/sh;
			shellScript = "diff \"${PODS_ROOT}/../Podfile.lock\" \"${PODS_ROOT}/Manifest.lock\" > /dev/null\nif [[ $? != 0 ]] ; then\n    cat << EOM\nerror: The sandbox is not in sync with the Podfile.lock. Run 'pod install' or update your CocoaPods installation.\nEOM\n    exit 1\nfi\n";
			showEnvVarsInLog = 0;
		};
/* End PBXShellScriptBuildPhase section */

/* Begin PBXSourcesBuildPhase section */
		4D0A09A81DCC16D900EE289B /* Sources */ = {
			isa = PBXSourcesBuildPhase;
			buildActionMask = 2147483647;
			files = (
				4D0A09B21DCC16D900EE289B /* ViewController.swift in Sources */,
				4D0A09B01DCC16D900EE289B /* AppDelegate.swift in Sources */,
			);
			runOnlyForDeploymentPostprocessing = 0;
		};
/* End PBXSourcesBuildPhase section */

/* Begin PBXVariantGroup section */
		4D0A09B31DCC16D900EE289B /* Main.storyboard */ = {
			isa = PBXVariantGroup;
			children = (
				4D0A09B41DCC16D900EE289B /* Base */,
			);
			name = Main.storyboard;
			sourceTree = "<group>";
		};
		4D0A09B81DCC16D900EE289B /* LaunchScreen.storyboard */ = {
			isa = PBXVariantGroup;
			children = (
				4D0A09B91DCC16D900EE289B /* Base */,
			);
			name = LaunchScreen.storyboard;
			sourceTree = "<group>";
		};
/* End PBXVariantGroup section */

/* Begin XCBuildConfiguration section */
		4D0A09BC1DCC16D900EE289B /* Debug */ = {
			isa = XCBuildConfiguration;
			buildSettings = {
				ALWAYS_SEARCH_USER_PATHS = NO;
				CLANG_ANALYZER_NONNULL = YES;
				CLANG_CXX_LANGUAGE_STANDARD = "gnu++0x";
				CLANG_CXX_LIBRARY = "libc++";
				CLANG_ENABLE_MODULES = YES;
				CLANG_ENABLE_OBJC_ARC = YES;
				CLANG_WARN_BOOL_CONVERSION = YES;
				CLANG_WARN_CONSTANT_CONVERSION = YES;
				CLANG_WARN_DIRECT_OBJC_ISA_USAGE = YES_ERROR;
				CLANG_WARN_DOCUMENTATION_COMMENTS = YES;
				CLANG_WARN_EMPTY_BODY = YES;
				CLANG_WARN_ENUM_CONVERSION = YES;
				CLANG_WARN_INFINITE_RECURSION = YES;
				CLANG_WARN_INT_CONVERSION = YES;
				CLANG_WARN_OBJC_ROOT_CLASS = YES_ERROR;
				CLANG_WARN_SUSPICIOUS_MOVES = YES;
				CLANG_WARN_UNREACHABLE_CODE = YES;
				CLANG_WARN__DUPLICATE_METHOD_MATCH = YES;
				"CODE_SIGN_IDENTITY[sdk=iphoneos*]" = "iPhone Developer";
				COPY_PHASE_STRIP = NO;
				DEBUG_INFORMATION_FORMAT = dwarf;
				ENABLE_STRICT_OBJC_MSGSEND = YES;
				ENABLE_TESTABILITY = YES;
				GCC_C_LANGUAGE_STANDARD = gnu99;
				GCC_DYNAMIC_NO_PIC = NO;
				GCC_NO_COMMON_BLOCKS = YES;
				GCC_OPTIMIZATION_LEVEL = 0;
				GCC_PREPROCESSOR_DEFINITIONS = (
					"DEBUG=1",
					"$(inherited)",
				);
				GCC_WARN_64_TO_32_BIT_CONVERSION = YES;
				GCC_WARN_ABOUT_RETURN_TYPE = YES_ERROR;
				GCC_WARN_UNDECLARED_SELECTOR = YES;
				GCC_WARN_UNINITIALIZED_AUTOS = YES_AGGRESSIVE;
				GCC_WARN_UNUSED_FUNCTION = YES;
				GCC_WARN_UNUSED_VARIABLE = YES;
				IPHONEOS_DEPLOYMENT_TARGET = 10.0;
				MTL_ENABLE_DEBUG_INFO = YES;
				ONLY_ACTIVE_ARCH = YES;
				SDKROOT = iphoneos;
				SWIFT_ACTIVE_COMPILATION_CONDITIONS = DEBUG;
				SWIFT_OPTIMIZATION_LEVEL = "-Onone";
			};
			name = Debug;
		};
		4D0A09BD1DCC16D900EE289B /* Release */ = {
			isa = XCBuildConfiguration;
			buildSettings = {
				ALWAYS_SEARCH_USER_PATHS = NO;
				CLANG_ANALYZER_NONNULL = YES;
				CLANG_CXX_LANGUAGE_STANDARD = "gnu++0x";
				CLANG_CXX_LIBRARY = "libc++";
				CLANG_ENABLE_MODULES = YES;
				CLANG_ENABLE_OBJC_ARC = YES;
				CLANG_WARN_BOOL_CONVERSION = YES;
				CLANG_WARN_CONSTANT_CONVERSION = YES;
				CLANG_WARN_DIRECT_OBJC_ISA_USAGE = YES_ERROR;
				CLANG_WARN_DOCUMENTATION_COMMENTS = YES;
				CLANG_WARN_EMPTY_BODY = YES;
				CLANG_WARN_ENUM_CONVERSION = YES;
				CLANG_WARN_INFINITE_RECURSION = YES;
				CLANG_WARN_INT_CONVERSION = YES;
				CLANG_WARN_OBJC_ROOT_CLASS = YES_ERROR;
				CLANG_WARN_SUSPICIOUS_MOVES = YES;
				CLANG_WARN_UNREACHABLE_CODE = YES;
				CLANG_WARN__DUPLICATE_METHOD_MATCH = YES;
				"CODE_SIGN_IDENTITY[sdk=iphoneos*]" = "iPhone Developer";
				COPY_PHASE_STRIP = NO;
				DEBUG_INFORMATION_FORMAT = "dwarf-with-dsym";
				ENABLE_NS_ASSERTIONS = NO;
				ENABLE_STRICT_OBJC_MSGSEND = YES;
				GCC_C_LANGUAGE_STANDARD = gnu99;
				GCC_NO_COMMON_BLOCKS = YES;
				GCC_WARN_64_TO_32_BIT_CONVERSION = YES;
				GCC_WARN_ABOUT_RETURN_TYPE = YES_ERROR;
				GCC_WARN_UNDECLARED_SELECTOR = YES;
				GCC_WARN_UNINITIALIZED_AUTOS = YES_AGGRESSIVE;
				GCC_WARN_UNUSED_FUNCTION = YES;
				GCC_WARN_UNUSED_VARIABLE = YES;
				IPHONEOS_DEPLOYMENT_TARGET = 10.0;
				MTL_ENABLE_DEBUG_INFO = NO;
				SDKROOT = iphoneos;
				SWIFT_OPTIMIZATION_LEVEL = "-Owholemodule";
				VALIDATE_PRODUCT = YES;
			};
			name = Release;
		};
		4D0A09BF1DCC16D900EE289B /* Debug */ = {
			isa = XCBuildConfiguration;
			baseConfigurationReference = A06B863732608FEF40A6F233 /* Pods-CanvasLab.debug.xcconfig */;
			buildSettings = {
				ASSETCATALOG_COMPILER_APPICON_NAME = AppIcon;
				DEVELOPMENT_TEAM = 73L4Y6SMX6;
				INFOPLIST_FILE = CanvasLab/Info.plist;
				LD_RUNPATH_SEARCH_PATHS = "$(inherited) @executable_path/Frameworks";
				PRODUCT_BUNDLE_IDENTIFIER = com.nari.CanvasLab;
				PRODUCT_NAME = "$(TARGET_NAME)";
				SWIFT_VERSION = 3.0;
			};
			name = Debug;
		};
		4D0A09C01DCC16D900EE289B /* Release */ = {
			isa = XCBuildConfiguration;
			baseConfigurationReference = 64F84AF53349FC16078503C5 /* Pods-CanvasLab.release.xcconfig */;
			buildSettings = {
				ASSETCATALOG_COMPILER_APPICON_NAME = AppIcon;
				DEVELOPMENT_TEAM = 73L4Y6SMX6;
				INFOPLIST_FILE = CanvasLab/Info.plist;
				LD_RUNPATH_SEARCH_PATHS = "$(inherited) @executable_path/Frameworks";
				PRODUCT_BUNDLE_IDENTIFIER = com.nari.CanvasLab;
				PRODUCT_NAME = "$(TARGET_NAME)";
				SWIFT_VERSION = 3.0;
			};
			name = Release;
		};
/* End XCBuildConfiguration section */

/* Begin XCConfigurationList section */
		4D0A09A71DCC16D900EE289B /* Build configuration list for PBXProject "CanvasLab" */ = {
			isa = XCConfigurationList;
			buildConfigurations = (
				4D0A09BC1DCC16D900EE289B /* Debug */,
				4D0A09BD1DCC16D900EE289B /* Release */,
			);
			defaultConfigurationIsVisible = 0;
			defaultConfigurationName = Release;
		};
		4D0A09BE1DCC16D900EE289B /* Build configuration list for PBXNativeTarget "CanvasLab" */ = {
			isa = XCConfigurationList;
			buildConfigurations = (
				4D0A09BF1DCC16D900EE289B /* Debug */,
				4D0A09C01DCC16D900EE289B /* Release */,
			);
			defaultConfigurationIsVisible = 0;
			defaultConfigurationName = Release;
		};
/* End XCConfigurationList section */
	};
	rootObject = 4D0A09A41DCC16D900EE289B /* Project object */;
}
